<?xml version="1.0" encoding="utf-8"?>
<Project ToolsVersion="4.0" xmlns="http://schemas.microsoft.com/developer/msbuild/2003">
  <ItemGroup>
    <Filter Include="Source Files">
      <UniqueIdentifier>{4FC737F1-C7A5-4376-A066-2A32D752A2FF}</UniqueIdentifier>
      <Extensions>cpp;c;cc;cxx;def;odl;idl;hpj;bat;asm;asmx</Extensions>
    </Filter>
    <Filter Include="Header Files">
      <UniqueIdentifier>{93995380-89BD-4b04-88EB-625FBE52EBFB}</UniqueIdentifier>
      <Extensions>h;hh;hpp;hxx;hm;inl;inc;xsd</Extensions>
    </Filter>
    <Filter Include="Resource Files">
      <UniqueIdentifier>{67DA6AB6-F800-4c08-8B7A-83BB121AAD01}</UniqueIdentifier>
      <Extensions>rc;ico;cur;bmp;dlg;rc2;rct;bin;rgs;gif;jpg;jpeg;jpe;resx;tiff;tif;png;wav;mfcribbon-ms</Extensions>
    </Filter>
  </ItemGroup>
  <ItemGroup>
    <ClCompile Include="actions.cc">
      <Filter>Source Files</Filter>
    </ClCompile>
    <ClCompile Include="code.cc">
      <Filter>Source Files</Filter>
    </ClCompile>
    <ClCompile Include="dfa.cc">
      <Filter>Source Files</Filter>
    </ClCompile>
    <ClCompile Include="enc.cc">
      <Filter>Source Files</Filter>
    </ClCompile>
    <ClCompile Include="input_api.cc">
      <Filter>Source Files</Filter>
    </ClCompile>
    <ClCompile Include="main.cc">
      <Filter>Source Files</Filter>
    </ClCompile>
    <ClCompile Include="mbo_getopt.cc">
      <Filter>Source Files</Filter>
    </ClCompile>
    <ClCompile Include="parser.cc">
      <Filter>Source Files</Filter>
    </ClCompile>
    <ClCompile Include="print.cc">
      <Filter>Source Files</Filter>
    </ClCompile>
    <ClCompile Include="range.cc">
      <Filter>Source Files</Filter>
    </ClCompile>
    <ClCompile Include="range_suffix.cc">
      <Filter>Source Files</Filter>
    </ClCompile>
    <ClCompile Include="scanner.cc">
      <Filter>Source Files</Filter>
    </ClCompile>
    <ClCompile Include="substr.cc">
      <Filter>Source Files</Filter>
    </ClCompile>
    <ClCompile Include="translate.cc">
      <Filter>Source Files</Filter>
    </ClCompile>
    <ClCompile Include="utf8.cc">
      <Filter>Source Files</Filter>
    </ClCompile>
    <ClCompile Include="utf8_range.cc">
      <Filter>Source Files</Filter>
    </ClCompile>
    <ClCompile Include="utf8_regexp.cc">
      <Filter>Source Files</Filter>
    </ClCompile>
    <ClCompile Include="utf16.cc">
      <Filter>Source Files</Filter>
    </ClCompile>
    <ClCompile Include="utf16_range.cc">
      <Filter>Source Files</Filter>
    </ClCompile>
    <ClCompile Include="utf16_regexp.cc">
      <Filter>Source Files</Filter>
    </ClCompile>
  </ItemGroup>
  <ItemGroup>
    <ClInclude Include="basics.h">
      <Filter>Header Files</Filter>
    </ClInclude>
    <ClInclude Include="code.h">
      <Filter>Header Files</Filter>
    </ClInclude>
    <ClInclude Include="code_names.h">
      <Filter>Header Files</Filter>
    </ClInclude>
    <ClInclude Include="dfa.h">
      <Filter>Header Files</Filter>
    </ClInclude>
    <ClInclude Include="enc.h">
      <Filter>Header Files</Filter>
    </ClInclude>
    <ClInclude Include="free_list.h">
      <Filter>Header Files</Filter>
    </ClInclude>
    <ClInclude Include="globals.h">
      <Filter>Header Files</Filter>
    </ClInclude>
    <ClInclude Include="indent.h">
      <Filter>Header Files</Filter>
    </ClInclude>
    <ClInclude Include="input_api.h">
      <Filter>Header Files</Filter>
    </ClInclude>
    <ClInclude Include="ins.h">
      <Filter>Header Files</Filter>
    </ClInclude>
    <ClInclude Include="mbo_getopt.h">
      <Filter>Header Files</Filter>
    </ClInclude>
    <ClInclude Include="parser.h">
      <Filter>Header Files</Filter>
    </ClInclude>
    <ClInclude Include="print.h">
      <Filter>Header Files</Filter>
    </ClInclude>
    <ClInclude Include="range.h">
      <Filter>Header Files</Filter>
    </ClInclude>
    <ClInclude Include="range_suffix.h">
      <Filter>Header Files</Filter>
    </ClInclude>
    <ClInclude Include="re.h">
      <Filter>Header Files</Filter>
    </ClInclude>
    <ClInclude Include="scanner.h">
      <Filter>Header Files</Filter>
    </ClInclude>
    <ClInclude Include="smart_ptr.h">
      <Filter>Header Files</Filter>
    </ClInclude>
    <ClInclude Include="stream_lc.h">
      <Filter>Header Files</Filter>
    </ClInclude>
    <ClInclude Include="substr.h">
      <Filter>Header Files</Filter>
    </ClInclude>
    <ClInclude Include="token.h">
      <Filter>Header Files</Filter>
    </ClInclude>
    <ClInclude Include="utf8.h">
      <Filter>Header Files</Filter>
    </ClInclude>
    <ClInclude Include="utf8_range.h">
      <Filter>Header Files</Filter>
    </ClInclude>
    <ClInclude Include="utf8_regexp.h">
      <Filter>Header Files</Filter>
    </ClInclude>
    <ClInclude Include="utf16.h">
      <Filter>Header Files</Filter>
    </ClInclude>
    <ClInclude Include="utf16_range.h">
      <Filter>Header Files</Filter>
    </ClInclude>
    <ClInclude Include="utf16_regexp.h">
      <Filter>Header Files</Filter>
    </ClInclude>
    <ClInclude Include="y.tab.h">
      <Filter>Header Files</Filter>
    </ClInclude>
    <ClInclude Include="config_w32.h">
      <Filter>Header Files</Filter>
    </ClInclude>
    <ClInclude Include="resource.h">
      <Filter>Header Files</Filter>
    </ClInclude>
  </ItemGroup>
  <ItemGroup>
    <ResourceCompile Include="re2c.rc">
      <Filter>Resource Files</Filter>
    </ResourceCompile>
  </ItemGroup>
</Project>